// !$*UTF8*$!
{
	archiveVersion = 1;
	classes = {
	};
	objectVersion = 48;
	objects = {

/* Begin PBXBuildFile section */
		695DCDFA1F79D170008A76F9 /* MainViewController.swift in Sources */ = {isa = PBXBuildFile; fileRef = 695DCDF91F79D170008A76F9 /* MainViewController.swift */; };
		695DCDFC1F7A0C42008A76F9 /* ToDoList.swift in Sources */ = {isa = PBXBuildFile; fileRef = 695DCDFB1F7A0C42008A76F9 /* ToDoList.swift */; };
		695DCDFE1F7A1142008A76F9 /* ToDoListItemDetailViewController.swift in Sources */ = {isa = PBXBuildFile; fileRef = 695DCDFD1F7A1142008A76F9 /* ToDoListItemDetailViewController.swift */; };
		695DCE001F7A2F27008A76F9 /* ListModel.swift in Sources */ = {isa = PBXBuildFile; fileRef = 695DCDFF1F7A2F27008A76F9 /* ListModel.swift */; };
		696A9E591F7999D800661DA3 /* ToDoItem.swift in Sources */ = {isa = PBXBuildFile; fileRef = 696A9E581F7999D800661DA3 /* ToDoItem.swift */; };
		696A9E5B1F79A82900661DA3 /* ToDoItemDetailViewController.swift in Sources */ = {isa = PBXBuildFile; fileRef = 696A9E5A1F79A82900661DA3 /* ToDoItemDetailViewController.swift */; };
		DD4643B41EF3869500E877E9 /* AppDelegate.swift in Sources */ = {isa = PBXBuildFile; fileRef = DD4643B31EF3869500E877E9 /* AppDelegate.swift */; };
		DD4643B61EF3869500E877E9 /* MyToDoListViewController.swift in Sources */ = {isa = PBXBuildFile; fileRef = DD4643B51EF3869500E877E9 /* MyToDoListViewController.swift */; };
		DD4643B91EF3869500E877E9 /* Main.storyboard in Resources */ = {isa = PBXBuildFile; fileRef = DD4643B71EF3869500E877E9 /* Main.storyboard */; };
		DD4643BB1EF3869500E877E9 /* Assets.xcassets in Resources */ = {isa = PBXBuildFile; fileRef = DD4643BA1EF3869500E877E9 /* Assets.xcassets */; };
		DD4643BE1EF3869500E877E9 /* LaunchScreen.storyboard in Resources */ = {isa = PBXBuildFile; fileRef = DD4643BC1EF3869500E877E9 /* LaunchScreen.storyboard */; };
/* End PBXBuildFile section */

/* Begin PBXFileReference section */
		695DCDF91F79D170008A76F9 /* MainViewController.swift */ = {isa = PBXFileReference; lastKnownFileType = sourcecode.swift; path = MainViewController.swift; sourceTree = "<group>"; };
		695DCDFB1F7A0C42008A76F9 /* ToDoList.swift */ = {isa = PBXFileReference; lastKnownFileType = sourcecode.swift; path = ToDoList.swift; sourceTree = "<group>"; };
		695DCDFD1F7A1142008A76F9 /* ToDoListItemDetailViewController.swift */ = {isa = PBXFileReference; lastKnownFileType = sourcecode.swift; path = ToDoListItemDetailViewController.swift; sourceTree = "<group>"; };
		695DCDFF1F7A2F27008A76F9 /* ListModel.swift */ = {isa = PBXFileReference; lastKnownFileType = sourcecode.swift; path = ListModel.swift; sourceTree = "<group>"; };
		696A9E581F7999D800661DA3 /* ToDoItem.swift */ = {isa = PBXFileReference; lastKnownFileType = sourcecode.swift; path = ToDoItem.swift; sourceTree = "<group>"; };
		696A9E5A1F79A82900661DA3 /* ToDoItemDetailViewController.swift */ = {isa = PBXFileReference; lastKnownFileType = sourcecode.swift; path = ToDoItemDetailViewController.swift; sourceTree = "<group>"; };
		DD4643B01EF3869500E877E9 /* MyToDoList.app */ = {isa = PBXFileReference; explicitFileType = wrapper.application; includeInIndex = 0; path = MyToDoList.app; sourceTree = BUILT_PRODUCTS_DIR; };
		DD4643B31EF3869500E877E9 /* AppDelegate.swift */ = {isa = PBXFileReference; lastKnownFileType = sourcecode.swift; path = AppDelegate.swift; sourceTree = "<group>"; };
		DD4643B51EF3869500E877E9 /* MyToDoListViewController.swift */ = {isa = PBXFileReference; indentWidth = 4; lastKnownFileType = sourcecode.swift; path = MyToDoListViewController.swift; sourceTree = "<group>"; tabWidth = 2; usesTabs = 0; };
		DD4643B81EF3869500E877E9 /* Base */ = {isa = PBXFileReference; lastKnownFileType = file.storyboard; name = Base; path = Base.lproj/Main.storyboard; sourceTree = "<group>"; };
		DD4643BA1EF3869500E877E9 /* Assets.xcassets */ = {isa = PBXFileReference; lastKnownFileType = folder.assetcatalog; path = Assets.xcassets; sourceTree = "<group>"; };
		DD4643BD1EF3869500E877E9 /* Base */ = {isa = PBXFileReference; lastKnownFileType = file.storyboard; name = Base; path = Base.lproj/LaunchScreen.storyboard; sourceTree = "<group>"; };
		DD4643BF1EF3869500E877E9 /* Info.plist */ = {isa = PBXFileReference; lastKnownFileType = text.plist.xml; path = Info.plist; sourceTree = "<group>"; };
/* End PBXFileReference section */

/* Begin PBXFrameworksBuildPhase section */
		DD4643AD1EF3869500E877E9 /* Frameworks */ = {
			isa = PBXFrameworksBuildPhase;
			buildActionMask = 2147483647;
			files = (
			);
			runOnlyForDeploymentPostprocessing = 0;
		};
/* End PBXFrameworksBuildPhase section */

/* Begin PBXGroup section */
		695B1DA71F7AB878005B82AA /* Data Models */ = {
			isa = PBXGroup;
			children = (
				695DCDFB1F7A0C42008A76F9 /* ToDoList.swift */,
				696A9E581F7999D800661DA3 /* ToDoItem.swift */,
				695DCDFF1F7A2F27008A76F9 /* ListModel.swift */,
			);
			path = "Data Models";
			sourceTree = "<group>";
		};
		695B1DA81F7AB896005B82AA /* View Controllers */ = {
			isa = PBXGroup;
			children = (
				695DCDF91F79D170008A76F9 /* MainViewController.swift */,
				DD4643B51EF3869500E877E9 /* MyToDoListViewController.swift */,
				695DCDFD1F7A1142008A76F9 /* ToDoListItemDetailViewController.swift */,
				696A9E5A1F79A82900661DA3 /* ToDoItemDetailViewController.swift */,
			);
			path = "View Controllers";
			sourceTree = "<group>";
		};
		695B1DA91F7AB8C7005B82AA /* Resources */ = {
			isa = PBXGroup;
			children = (
				DD4643BA1EF3869500E877E9 /* Assets.xcassets */,
				DD4643B71EF3869500E877E9 /* Main.storyboard */,
				DD4643BC1EF3869500E877E9 /* LaunchScreen.storyboard */,
			);
			path = Resources;
			sourceTree = "<group>";
		};
		DD4643A71EF3869500E877E9 = {
			isa = PBXGroup;
			children = (
				DD4643B21EF3869500E877E9 /* ToDoLists */,
				DD4643B11EF3869500E877E9 /* Products */,
			);
			sourceTree = "<group>";
		};
		DD4643B11EF3869500E877E9 /* Products */ = {
			isa = PBXGroup;
			children = (
				DD4643B01EF3869500E877E9 /* MyToDoList.app */,
			);
			name = Products;
			sourceTree = "<group>";
		};
		DD4643B21EF3869500E877E9 /* ToDoLists */ = {
			isa = PBXGroup;
			children = (
				695B1DA71F7AB878005B82AA /* Data Models */,
				695B1DA81F7AB896005B82AA /* View Controllers */,
				695B1DA91F7AB8C7005B82AA /* Resources */,
				DD4643B31EF3869500E877E9 /* AppDelegate.swift */,
				DD4643BF1EF3869500E877E9 /* Info.plist */,
			);
			path = ToDoLists;
			sourceTree = "<group>";
		};
/* End PBXGroup section */

/* Begin PBXNativeTarget section */
		DD4643AF1EF3869500E877E9 /* MyToDoList */ = {
			isa = PBXNativeTarget;
			buildConfigurationList = DD4643C21EF3869500E877E9 /* Build configuration list for PBXNativeTarget "MyToDoList" */;
			buildPhases = (
				DD4643AC1EF3869500E877E9 /* Sources */,
				DD4643AD1EF3869500E877E9 /* Frameworks */,
				DD4643AE1EF3869500E877E9 /* Resources */,
			);
			buildRules = (
			);
			dependencies = (
			);
			name = MyToDoList;
			productName = Checklists;
			productReference = DD4643B01EF3869500E877E9 /* MyToDoList.app */;
			productType = "com.apple.product-type.application";
		};
/* End PBXNativeTarget section */

/* Begin PBXProject section */
		DD4643A81EF3869500E877E9 /* Project object */ = {
			isa = PBXProject;
			attributes = {
				LastSwiftUpdateCheck = 0900;
				LastUpgradeCheck = 0900;
				ORGANIZATIONNAME = Razeware;
				TargetAttributes = {
					DD4643AF1EF3869500E877E9 = {
						CreatedOnToolsVersion = 9.0;
					};
				};
			};
			buildConfigurationList = DD4643AB1EF3869500E877E9 /* Build configuration list for PBXProject "MyToDoList" */;
			compatibilityVersion = "Xcode 8.0";
			developmentRegion = en;
			hasScannedForEncodings = 0;
			knownRegions = (
				en,
				Base,
			);
			mainGroup = DD4643A71EF3869500E877E9;
			productRefGroup = DD4643B11EF3869500E877E9 /* Products */;
			projectDirPath = "";
			projectRoot = "";
			targets = (
				DD4643AF1EF3869500E877E9 /* MyToDoList */,
			);
		};
/* End PBXProject section */

/* Begin PBXResourcesBuildPhase section */
		DD4643AE1EF3869500E877E9 /* Resources */ = {
			isa = PBXResourcesBuildPhase;
			buildActionMask = 2147483647;
			files = (
				DD4643BE1EF3869500E877E9 /* LaunchScreen.storyboard in Resources */,
				DD4643BB1EF3869500E877E9 /* Assets.xcassets in Resources */,
				DD4643B91EF3869500E877E9 /* Main.storyboard in Resources */,
			);
			runOnlyForDeploymentPostprocessing = 0;
		};
/* End PBXResourcesBuildPhase section */

/* Begin PBXSourcesBuildPhase section */
		DD4643AC1EF3869500E877E9 /* Sources */ = {
			isa = PBXSourcesBuildPhase;
			buildActionMask = 2147483647;
			files = (
				DD4643B61EF3869500E877E9 /* MyToDoListViewController.swift in Sources */,
				695DCDFE1F7A1142008A76F9 /* ToDoListItemDetailViewController.swift in Sources */,
				696A9E591F7999D800661DA3 /* ToDoItem.swift in Sources */,
				695DCDFC1F7A0C42008A76F9 /* ToDoList.swift in Sources */,
				DD4643B41EF3869500E877E9 /* AppDelegate.swift in Sources */,
				695DCE001F7A2F27008A76F9 /* ListModel.swift in Sources */,
				695DCDFA1F79D170008A76F9 /* MainViewController.swift in Sources */,
				696A9E5B1F79A82900661DA3 /* ToDoItemDetailViewController.swift in Sources */,
			);
			runOnlyForDeploymentPostprocessing = 0;
		};
/* End PBXSourcesBuildPhase section */

/* Begin PBXVariantGroup section */
		DD4643B71EF3869500E877E9 /* Main.storyboard */ = {
			isa = PBXVariantGroup;
			children = (
				DD4643B81EF3869500E877E9 /* Base */,
			);
			name = Main.storyboard;
			sourceTree = "<group>";
		};
		DD4643BC1EF3869500E877E9 /* LaunchScreen.storyboard */ = {
			isa = PBXVariantGroup;
			children = (
				DD4643BD1EF3869500E877E9 /* Base */,
			);
			name = LaunchScreen.storyboard;
			sourceTree = "<group>";
		};
/* End PBXVariantGroup section */

/* Begin XCBuildConfiguration section */
		DD4643C01EF3869500E877E9 /* Debug */ = {
			isa = XCBuildConfiguration;
			buildSettings = {
				ALWAYS_SEARCH_USER_PATHS = NO;
				CLANG_ANALYZER_NONNULL = YES;
				CLANG_ANALYZER_NUMBER_OBJECT_CONVERSION = YES_AGGRESSIVE;
				CLANG_CXX_LANGUAGE_STANDARD = "gnu++14";
				CLANG_CXX_LIBRARY = "libc++";
				CLANG_ENABLE_MODULES = YES;
				CLANG_ENABLE_OBJC_ARC = YES;
				CLANG_WARN_BLOCK_CAPTURE_AUTORELEASING = YES;
				CLANG_WARN_BOOL_CONVERSION = YES;
				CLANG_WARN_COMMA = YES;
				CLANG_WARN_CONSTANT_CONVERSION = YES;
				CLANG_WARN_DIRECT_OBJC_ISA_USAGE = YES_ERROR;
				CLANG_WARN_DOCUMENTATION_COMMENTS = YES;
				CLANG_WARN_EMPTY_BODY = YES;
				CLANG_WARN_ENUM_CONVERSION = YES;
				CLANG_WARN_INFINITE_RECURSION = YES;
				CLANG_WARN_INT_CONVERSION = YES;
				CLANG_WARN_OBJC_ROOT_CLASS = YES_ERROR;
				CLANG_WARN_RANGE_LOOP_ANALYSIS = YES;
				CLANG_WARN_STRICT_PROTOTYPES = YES;
				CLANG_WARN_SUSPICIOUS_MOVE = YES;
				CLANG_WARN_UNGUARDED_AVAILABILITY = YES_AGGRESSIVE;
				CLANG_WARN_UNREACHABLE_CODE = YES;
				CLANG_WARN__DUPLICATE_METHOD_MATCH = YES;
				CODE_SIGN_IDENTITY = "iPhone Developer";
				COPY_PHASE_STRIP = NO;
				DEBUG_INFORMATION_FORMAT = dwarf;
				ENABLE_STRICT_OBJC_MSGSEND = YES;
				ENABLE_TESTABILITY = YES;
				GCC_C_LANGUAGE_STANDARD = gnu11;
				GCC_DYNAMIC_NO_PIC = NO;
				GCC_NO_COMMON_BLOCKS = YES;
				GCC_OPTIMIZATION_LEVEL = 0;
				GCC_PREPROCESSOR_DEFINITIONS = (
					"DEBUG=1",
					"$(inherited)",
				);
				GCC_WARN_64_TO_32_BIT_CONVERSION = YES;
				GCC_WARN_ABOUT_RETURN_TYPE = YES_ERROR;
				GCC_WARN_UNDECLARED_SELECTOR = YES;
				GCC_WARN_UNINITIALIZED_AUTOS = YES_AGGRESSIVE;
				GCC_WARN_UNUSED_FUNCTION = YES;
				GCC_WARN_UNUSED_VARIABLE = YES;
				IPHONEOS_DEPLOYMENT_TARGET = 11.0;
				MTL_ENABLE_DEBUG_INFO = YES;
				ONLY_ACTIVE_ARCH = YES;
				SDKROOT = iphoneos;
				SWIFT_ACTIVE_COMPILATION_CONDITIONS = DEBUG;
				SWIFT_OPTIMIZATION_LEVEL = "-Onone";
			};
			name = Debug;
		};
		DD4643C11EF3869500E877E9 /* Release */ = {
			isa = XCBuildConfiguration;
			buildSettings = {
				ALWAYS_SEARCH_USER_PATHS = NO;
				CLANG_ANALYZER_NONNULL = YES;
				CLANG_ANALYZER_NUMBER_OBJECT_CONVERSION = YES_AGGRESSIVE;
				CLANG_CXX_LANGUAGE_STANDARD = "gnu++14";
				CLANG_CXX_LIBRARY = "libc++";
				CLANG_ENABLE_MODULES = YES;
				CLANG_ENABLE_OBJC_ARC = YES;
				CLANG_WARN_BLOCK_CAPTURE_AUTORELEASING = YES;
				CLANG_WARN_BOOL_CONVERSION = YES;
				CLANG_WARN_COMMA = YES;
				CLANG_WARN_CONSTANT_CONVERSION = YES;
				CLANG_WARN_DIRECT_OBJC_ISA_USAGE = YES_ERROR;
				CLANG_WARN_DOCUMENTATION_COMMENTS = YES;
				CLANG_WARN_EMPTY_BODY = YES;
				CLANG_WARN_ENUM_CONVERSION = YES;
				CLANG_WARN_INFINITE_RECURSION = YES;
				CLANG_WARN_INT_CONVERSION = YES;
				CLANG_WARN_OBJC_ROOT_CLASS = YES_ERROR;
				CLANG_WARN_RANGE_LOOP_ANALYSIS = YES;
				CLANG_WARN_STRICT_PROTOTYPES = YES;
				CLANG_WARN_SUSPICIOUS_MOVE = YES;
				CLANG_WARN_UNGUARDED_AVAILABILITY = YES_AGGRESSIVE;
				CLANG_WARN_UNREACHABLE_CODE = YES;
				CLANG_WARN__DUPLICATE_METHOD_MATCH = YES;
				CODE_SIGN_IDENTITY = "iPhone Developer";
				COPY_PHASE_STRIP = NO;
				DEBUG_INFORMATION_FORMAT = "dwarf-with-dsym";
				ENABLE_NS_ASSERTIONS = NO;
				ENABLE_STRICT_OBJC_MSGSEND = YES;
				GCC_C_LANGUAGE_STANDARD = gnu11;
				GCC_NO_COMMON_BLOCKS = YES;
				GCC_WARN_64_TO_32_BIT_CONVERSION = YES;
				GCC_WARN_ABOUT_RETURN_TYPE = YES_ERROR;
				GCC_WARN_UNDECLARED_SELECTOR = YES;
				GCC_WARN_UNINITIALIZED_AUTOS = YES_AGGRESSIVE;
				GCC_WARN_UNUSED_FUNCTION = YES;
				GCC_WARN_UNUSED_VARIABLE = YES;
				IPHONEOS_DEPLOYMENT_TARGET = 11.0;
				MTL_ENABLE_DEBUG_INFO = NO;
				SDKROOT = iphoneos;
				SWIFT_OPTIMIZATION_LEVEL = "-Owholemodule";
				VALIDATE_PRODUCT = YES;
			};
			name = Release;
		};
		DD4643C31EF3869500E877E9 /* Debug */ = {
			isa = XCBuildConfiguration;
			buildSettings = {
				ASSETCATALOG_COMPILER_APPICON_NAME = AppIcon;
				DEVELOPMENT_TEAM = QX3779KV49;
				INFOPLIST_FILE = "$(SRCROOT)/ToDoLists/Info.plist";
				LD_RUNPATH_SEARCH_PATHS = "$(inherited) @executable_path/Frameworks";
				PRODUCT_BUNDLE_IDENTIFIER = com.sap.todolists;
				PRODUCT_NAME = "$(TARGET_NAME)";
				SWIFT_VERSION = 4.0;
				TARGETED_DEVICE_FAMILY = "1,2";
			};
			name = Debug;
		};
		DD4643C41EF3869500E877E9 /* Release */ = {
			isa = XCBuildConfiguration;
			buildSettings = {
				ASSETCATALOG_COMPILER_APPICON_NAME = AppIcon;
				DEVELOPMENT_TEAM = QX3779KV49;
				INFOPLIST_FILE = "$(SRCROOT)/ToDoLists/Info.plist";
				LD_RUNPATH_SEARCH_PATHS = "$(inherited) @executable_path/Frameworks";
				PRODUCT_BUNDLE_IDENTIFIER = com.sap.todolists;
				PRODUCT_NAME = "$(TARGET_NAME)";
				SWIFT_VERSION = 4.0;
				TARGETED_DEVICE_FAMILY = "1,2";
			};
			name = Release;
		};
/* End XCBuildConfiguration section */

/* Begin XCConfigurationList section */
		DD4643AB1EF3869500E877E9 /* Build configuration list for PBXProject "MyToDoList" */ = {
			isa = XCConfigurationList;
			buildConfigurations = (
				DD4643C01EF3869500E877E9 /* Debug */,
				DD4643C11EF3869500E877E9 /* Release */,
			);
			defaultConfigurationIsVisible = 0;
			defaultConfigurationName = Release;
		};
		DD4643C21EF3869500E877E9 /* Build configuration list for PBXNativeTarget "MyToDoList" */ = {
			isa = XCConfigurationList;
			buildConfigurations = (
				DD4643C31EF3869500E877E9 /* Debug */,
				DD4643C41EF3869500E877E9 /* Release */,
			);
			defaultConfigurationIsVisible = 0;
			defaultConfigurationName = Release;
		};
/* End XCConfigurationList section */
	};
	rootObject = DD4643A81EF3869500E877E9 /* Project object */;
}
